
Microsoft Visual Studio Solution File, Format Version 12.00
# Visual Studio Version 17
VisualStudioVersion = 17.5.33424.131
MinimumVisualStudioVersion = 10.0.40219.1
Project("{FAE04EC0-301F-11D3-BF4B-00C04F79EFBC}") = "modul8_1302213067", "modul8_1302213067\modul8_1302213067.csproj", "{071409CB-5354-44AE-9DFA-9336581E9548}"
EndProject
Global
	GlobalSection(SolutionConfigurationPlatforms) = preSolution
		Debug|Any CPU = Debug|Any CPU
		Release|Any CPU = Release|Any CPU
	EndGlobalSection
	GlobalSection(ProjectConfigurationPlatforms) = postSolution
		{071409CB-5354-44AE-9DFA-9336581E9548}.Debug|Any CPU.ActiveCfg = Debug|Any CPU
		{071409CB-5354-44AE-9DFA-9336581E9548}.Debug|Any CPU.Build.0 = Debug|Any CPU
		{071409CB-5354-44AE-9DFA-9336581E9548}.Release|Any CPU.ActiveCfg = Release|Any CPU
		{071409CB-5354-44AE-9DFA-9336581E9548}.Release|Any CPU.Build.0 = Release|Any CPU
	EndGlobalSection
	GlobalSection(SolutionProperties) = preSolution
		HideSolutionNode = FALSE
	EndGlobalSection
	GlobalSection(ExtensibilityGlobals) = postSolution
		SolutionGuid = {7094E0DE-B2C9-4CE8-8BFE-586D8E9F9604}
	EndGlobalSection
EndGlobal
